// !$*UTF8*$!
{
	archiveVersion = 1;
	classes = {
	};
	objectVersion = 46;
	objects = {

/* Begin PBXBuildFile section */
		F78AE5981C466A74000F31FF /* AppDelegate.swift in Sources */ = {isa = PBXBuildFile; fileRef = F78AE5971C466A74000F31FF /* AppDelegate.swift */; };
		F78AE59A1C466A74000F31FF /* ViewController.swift in Sources */ = {isa = PBXBuildFile; fileRef = F78AE5991C466A74000F31FF /* ViewController.swift */; };
		F78AE59D1C466A74000F31FF /* Main.storyboard in Resources */ = {isa = PBXBuildFile; fileRef = F78AE59B1C466A74000F31FF /* Main.storyboard */; };
		F78AE59F1C466A74000F31FF /* Assets.xcassets in Resources */ = {isa = PBXBuildFile; fileRef = F78AE59E1C466A74000F31FF /* Assets.xcassets */; };
		F78AE5A21C466A74000F31FF /* LaunchScreen.storyboard in Resources */ = {isa = PBXBuildFile; fileRef = F78AE5A01C466A74000F31FF /* LaunchScreen.storyboard */; };
		F78AE5AD1C466A74000F31FF /* TravelPlannerTests.swift in Sources */ = {isa = PBXBuildFile; fileRef = F78AE5AC1C466A74000F31FF /* TravelPlannerTests.swift */; };
		F78AE5B81C466A74000F31FF /* TravelPlannerUITests.swift in Sources */ = {isa = PBXBuildFile; fileRef = F78AE5B71C466A74000F31FF /* TravelPlannerUITests.swift */; };
/* End PBXBuildFile section */

/* Begin PBXContainerItemProxy section */
		F78AE5A91C466A74000F31FF /* PBXContainerItemProxy */ = {
			isa = PBXContainerItemProxy;
			containerPortal = F78AE58C1C466A74000F31FF /* Project object */;
			proxyType = 1;
			remoteGlobalIDString = F78AE5931C466A74000F31FF;
			remoteInfo = TravelPlanner;
		};
		F78AE5B41C466A74000F31FF /* PBXContainerItemProxy */ = {
			isa = PBXContainerItemProxy;
			containerPortal = F78AE58C1C466A74000F31FF /* Project object */;
			proxyType = 1;
			remoteGlobalIDString = F78AE5931C466A74000F31FF;
			remoteInfo = TravelPlanner;
		};
/* End PBXContainerItemProxy section */

/* Begin PBXFileReference section */
		F78AE5941C466A74000F31FF /* TravelPlanner.app */ = {isa = PBXFileReference; explicitFileType = wrapper.application; includeInIndex = 0; path = TravelPlanner.app; sourceTree = BUILT_PRODUCTS_DIR; };
		F78AE5971C466A74000F31FF /* AppDelegate.swift */ = {isa = PBXFileReference; lastKnownFileType = sourcecode.swift; path = AppDelegate.swift; sourceTree = "<group>"; };
		F78AE5991C466A74000F31FF /* ViewController.swift */ = {isa = PBXFileReference; lastKnownFileType = sourcecode.swift; path = ViewController.swift; sourceTree = "<group>"; };
		F78AE59C1C466A74000F31FF /* Base */ = {isa = PBXFileReference; lastKnownFileType = file.storyboard; name = Base; path = Base.lproj/Main.storyboard; sourceTree = "<group>"; };
		F78AE59E1C466A74000F31FF /* Assets.xcassets */ = {isa = PBXFileReference; lastKnownFileType = folder.assetcatalog; path = Assets.xcassets; sourceTree = "<group>"; };
		F78AE5A11C466A74000F31FF /* Base */ = {isa = PBXFileReference; lastKnownFileType = file.storyboard; name = Base; path = Base.lproj/LaunchScreen.storyboard; sourceTree = "<group>"; };
		F78AE5A31C466A74000F31FF /* Info.plist */ = {isa = PBXFileReference; lastKnownFileType = text.plist.xml; path = Info.plist; sourceTree = "<group>"; };
		F78AE5A81C466A74000F31FF /* TravelPlannerTests.xctest */ = {isa = PBXFileReference; explicitFileType = wrapper.cfbundle; includeInIndex = 0; path = TravelPlannerTests.xctest; sourceTree = BUILT_PRODUCTS_DIR; };
		F78AE5AC1C466A74000F31FF /* TravelPlannerTests.swift */ = {isa = PBXFileReference; lastKnownFileType = sourcecode.swift; path = TravelPlannerTests.swift; sourceTree = "<group>"; };
		F78AE5AE1C466A74000F31FF /* Info.plist */ = {isa = PBXFileReference; lastKnownFileType = text.plist.xml; path = Info.plist; sourceTree = "<group>"; };
		F78AE5B31C466A74000F31FF /* TravelPlannerUITests.xctest */ = {isa = PBXFileReference; explicitFileType = wrapper.cfbundle; includeInIndex = 0; path = TravelPlannerUITests.xctest; sourceTree = BUILT_PRODUCTS_DIR; };
		F78AE5B71C466A74000F31FF /* TravelPlannerUITests.swift */ = {isa = PBXFileReference; lastKnownFileType = sourcecode.swift; path = TravelPlannerUITests.swift; sourceTree = "<group>"; };
		F78AE5B91C466A74000F31FF /* Info.plist */ = {isa = PBXFileReference; lastKnownFileType = text.plist.xml; path = Info.plist; sourceTree = "<group>"; };
/* End PBXFileReference section */

/* Begin PBXFrameworksBuildPhase section */
		F78AE5911C466A74000F31FF /* Frameworks */ = {
			isa = PBXFrameworksBuildPhase;
			buildActionMask = 2147483647;
			files = (
			);
			runOnlyForDeploymentPostprocessing = 0;
		};
		F78AE5A51C466A74000F31FF /* Frameworks */ = {
			isa = PBXFrameworksBuildPhase;
			buildActionMask = 2147483647;
			files = (
			);
			runOnlyForDeploymentPostprocessing = 0;
		};
		F78AE5B01C466A74000F31FF /* Frameworks */ = {
			isa = PBXFrameworksBuildPhase;
			buildActionMask = 2147483647;
			files = (
			);
			runOnlyForDeploymentPostprocessing = 0;
		};
/* End PBXFrameworksBuildPhase section */

/* Begin PBXGroup section */
		F78AE58B1C466A74000F31FF = {
			isa = PBXGroup;
			children = (
				F78AE5961C466A74000F31FF /* TravelPlanner */,
				F78AE5AB1C466A74000F31FF /* TravelPlannerTests */,
				F78AE5B61C466A74000F31FF /* TravelPlannerUITests */,
				F78AE5951C466A74000F31FF /* Products */,
			);
			sourceTree = "<group>";
		};
		F78AE5951C466A74000F31FF /* Products */ = {
			isa = PBXGroup;
			children = (
				F78AE5941C466A74000F31FF /* TravelPlanner.app */,
				F78AE5A81C466A74000F31FF /* TravelPlannerTests.xctest */,
				F78AE5B31C466A74000F31FF /* TravelPlannerUITests.xctest */,
			);
			name = Products;
			sourceTree = "<group>";
		};
		F78AE5961C466A74000F31FF /* TravelPlanner */ = {
			isa = PBXGroup;
			children = (
				F78AE5971C466A74000F31FF /* AppDelegate.swift */,
				F78AE5991C466A74000F31FF /* ViewController.swift */,
				F78AE59B1C466A74000F31FF /* Main.storyboard */,
				F78AE59E1C466A74000F31FF /* Assets.xcassets */,
				F78AE5A01C466A74000F31FF /* LaunchScreen.storyboard */,
				F78AE5A31C466A74000F31FF /* Info.plist */,
			);
			path = TravelPlanner;
			sourceTree = "<group>";
		};
		F78AE5AB1C466A74000F31FF /* TravelPlannerTests */ = {
			isa = PBXGroup;
			children = (
				F78AE5AC1C466A74000F31FF /* TravelPlannerTests.swift */,
				F78AE5AE1C466A74000F31FF /* Info.plist */,
			);
			path = TravelPlannerTests;
			sourceTree = "<group>";
		};
		F78AE5B61C466A74000F31FF /* TravelPlannerUITests */ = {
			isa = PBXGroup;
			children = (
				F78AE5B71C466A74000F31FF /* TravelPlannerUITests.swift */,
				F78AE5B91C466A74000F31FF /* Info.plist */,
			);
			path = TravelPlannerUITests;
			sourceTree = "<group>";
		};
/* End PBXGroup section */

/* Begin PBXNativeTarget section */
		F78AE5931C466A74000F31FF /* TravelPlanner */ = {
			isa = PBXNativeTarget;
			buildConfigurationList = F78AE5BC1C466A74000F31FF /* Build configuration list for PBXNativeTarget "TravelPlanner" */;
			buildPhases = (
				F78AE5901C466A74000F31FF /* Sources */,
				F78AE5911C466A74000F31FF /* Frameworks */,
				F78AE5921C466A74000F31FF /* Resources */,
			);
			buildRules = (
			);
			dependencies = (
			);
			name = TravelPlanner;
			productName = TravelPlanner;
			productReference = F78AE5941C466A74000F31FF /* TravelPlanner.app */;
			productType = "com.apple.product-type.application";
		};
		F78AE5A71C466A74000F31FF /* TravelPlannerTests */ = {
			isa = PBXNativeTarget;
			buildConfigurationList = F78AE5BF1C466A74000F31FF /* Build configuration list for PBXNativeTarget "TravelPlannerTests" */;
			buildPhases = (
				F78AE5A41C466A74000F31FF /* Sources */,
				F78AE5A51C466A74000F31FF /* Frameworks */,
				F78AE5A61C466A74000F31FF /* Resources */,
			);
			buildRules = (
			);
			dependencies = (
				F78AE5AA1C466A74000F31FF /* PBXTargetDependency */,
			);
			name = TravelPlannerTests;
			productName = TravelPlannerTests;
			productReference = F78AE5A81C466A74000F31FF /* TravelPlannerTests.xctest */;
			productType = "com.apple.product-type.bundle.unit-test";
		};
		F78AE5B21C466A74000F31FF /* TravelPlannerUITests */ = {
			isa = PBXNativeTarget;
			buildConfigurationList = F78AE5C21C466A74000F31FF /* Build configuration list for PBXNativeTarget "TravelPlannerUITests" */;
			buildPhases = (
				F78AE5AF1C466A74000F31FF /* Sources */,
				F78AE5B01C466A74000F31FF /* Frameworks */,
				F78AE5B11C466A74000F31FF /* Resources */,
			);
			buildRules = (
			);
			dependencies = (
				F78AE5B51C466A74000F31FF /* PBXTargetDependency */,
			);
			name = TravelPlannerUITests;
			productName = TravelPlannerUITests;
			productReference = F78AE5B31C466A74000F31FF /* TravelPlannerUITests.xctest */;
			productType = "com.apple.product-type.bundle.ui-testing";
		};
/* End PBXNativeTarget section */

/* Begin PBXProject section */
		F78AE58C1C466A74000F31FF /* Project object */ = {
			isa = PBXProject;
			attributes = {
				LastSwiftUpdateCheck = 0720;
				LastUpgradeCheck = 0720;
				ORGANIZATIONNAME = "Rodrigo Webler";
				TargetAttributes = {
					F78AE5931C466A74000F31FF = {
						CreatedOnToolsVersion = 7.2;
					};
					F78AE5A71C466A74000F31FF = {
						CreatedOnToolsVersion = 7.2;
						TestTargetID = F78AE5931C466A74000F31FF;
					};
					F78AE5B21C466A74000F31FF = {
						CreatedOnToolsVersion = 7.2;
						TestTargetID = F78AE5931C466A74000F31FF;
					};
				};
			};
			buildConfigurationList = F78AE58F1C466A74000F31FF /* Build configuration list for PBXProject "TravelPlanner" */;
			compatibilityVersion = "Xcode 3.2";
			developmentRegion = English;
			hasScannedForEncodings = 0;
			knownRegions = (
				en,
				Base,
			);
			mainGroup = F78AE58B1C466A74000F31FF;
			productRefGroup = F78AE5951C466A74000F31FF /* Products */;
			projectDirPath = "";
			projectRoot = "";
			targets = (
				F78AE5931C466A74000F31FF /* TravelPlanner */,
				F78AE5A71C466A74000F31FF /* TravelPlannerTests */,
				F78AE5B21C466A74000F31FF /* TravelPlannerUITests */,
			);
		};
/* End PBXProject section */

/* Begin PBXResourcesBuildPhase section */
		F78AE5921C466A74000F31FF /* Resources */ = {
			isa = PBXResourcesBuildPhase;
			buildActionMask = 2147483647;
			files = (
				F78AE5A21C466A74000F31FF /* LaunchScreen.storyboard in Resources */,
				F78AE59F1C466A74000F31FF /* Assets.xcassets in Resources */,
				F78AE59D1C466A74000F31FF /* Main.storyboard in Resources */,
			);
			runOnlyForDeploymentPostprocessing = 0;
		};
		F78AE5A61C466A74000F31FF /* Resources */ = {
			isa = PBXResourcesBuildPhase;
			buildActionMask = 2147483647;
			files = (
			);
			runOnlyForDeploymentPostprocessing = 0;
		};
		F78AE5B11C466A74000F31FF /* Resources */ = {
			isa = PBXResourcesBuildPhase;
			buildActionMask = 2147483647;
			files = (
			);
			runOnlyForDeploymentPostprocessing = 0;
		};
/* End PBXResourcesBuildPhase section */

/* Begin PBXSourcesBuildPhase section */
		F78AE5901C466A74000F31FF /* Sources */ = {
			isa = PBXSourcesBuildPhase;
			buildActionMask = 2147483647;
			files = (
				F78AE59A1C466A74000F31FF /* ViewController.swift in Sources */,
				F78AE5981C466A74000F31FF /* AppDelegate.swift in Sources */,
			);
			runOnlyForDeploymentPostprocessing = 0;
		};
		F78AE5A41C466A74000F31FF /* Sources */ = {
			isa = PBXSourcesBuildPhase;
			buildActionMask = 2147483647;
			files = (
				F78AE5AD1C466A74000F31FF /* TravelPlannerTests.swift in Sources */,
			);
			runOnlyForDeploymentPostprocessing = 0;
		};
		F78AE5AF1C466A74000F31FF /* Sources */ = {
			isa = PBXSourcesBuildPhase;
			buildActionMask = 2147483647;
			files = (
				F78AE5B81C466A74000F31FF /* TravelPlannerUITests.swift in Sources */,
			);
			runOnlyForDeploymentPostprocessing = 0;
		};
/* End PBXSourcesBuildPhase section */

/* Begin PBXTargetDependency section */
		F78AE5AA1C466A74000F31FF /* PBXTargetDependency */ = {
			isa = PBXTargetDependency;
			target = F78AE5931C466A74000F31FF /* TravelPlanner */;
			targetProxy = F78AE5A91C466A74000F31FF /* PBXContainerItemProxy */;
		};
		F78AE5B51C466A74000F31FF /* PBXTargetDependency */ = {
			isa = PBXTargetDependency;
			target = F78AE5931C466A74000F31FF /* TravelPlanner */;
			targetProxy = F78AE5B41C466A74000F31FF /* PBXContainerItemProxy */;
		};
/* End PBXTargetDependency section */

/* Begin PBXVariantGroup section */
		F78AE59B1C466A74000F31FF /* Main.storyboard */ = {
			isa = PBXVariantGroup;
			children = (
				F78AE59C1C466A74000F31FF /* Base */,
			);
			name = Main.storyboard;
			sourceTree = "<group>";
		};
		F78AE5A01C466A74000F31FF /* LaunchScreen.storyboard */ = {
			isa = PBXVariantGroup;
			children = (
				F78AE5A11C466A74000F31FF /* Base */,
			);
			name = LaunchScreen.storyboard;
			sourceTree = "<group>";
		};
/* End PBXVariantGroup section */

/* Begin XCBuildConfiguration section */
		F78AE5BA1C466A74000F31FF /* Debug */ = {
			isa = XCBuildConfiguration;
			buildSettings = {
				ALWAYS_SEARCH_USER_PATHS = NO;
				CLANG_CXX_LANGUAGE_STANDARD = "gnu++0x";
				CLANG_CXX_LIBRARY = "libc++";
				CLANG_ENABLE_MODULES = YES;
				CLANG_ENABLE_OBJC_ARC = YES;
				CLANG_WARN_BOOL_CONVERSION = YES;
				CLANG_WARN_CONSTANT_CONVERSION = YES;
				CLANG_WARN_DIRECT_OBJC_ISA_USAGE = YES_ERROR;
				CLANG_WARN_EMPTY_BODY = YES;
				CLANG_WARN_ENUM_CONVERSION = YES;
				CLANG_WARN_INT_CONVERSION = YES;
				CLANG_WARN_OBJC_ROOT_CLASS = YES_ERROR;
				CLANG_WARN_UNREACHABLE_CODE = YES;
				CLANG_WARN__DUPLICATE_METHOD_MATCH = YES;
				"CODE_SIGN_IDENTITY[sdk=iphoneos*]" = "iPhone Developer";
				COPY_PHASE_STRIP = NO;
				DEBUG_INFORMATION_FORMAT = dwarf;
				ENABLE_STRICT_OBJC_MSGSEND = YES;
				ENABLE_TESTABILITY = YES;
				GCC_C_LANGUAGE_STANDARD = gnu99;
				GCC_DYNAMIC_NO_PIC = NO;
				GCC_NO_COMMON_BLOCKS = YES;
				GCC_OPTIMIZATION_LEVEL = 0;
				GCC_PREPROCESSOR_DEFINITIONS = (
					"DEBUG=1",
					"$(inherited)",
				);
				GCC_WARN_64_TO_32_BIT_CONVERSION = YES;
				GCC_WARN_ABOUT_RETURN_TYPE = YES_ERROR;
				GCC_WARN_UNDECLARED_SELECTOR = YES;
				GCC_WARN_UNINITIALIZED_AUTOS = YES_AGGRESSIVE;
				GCC_WARN_UNUSED_FUNCTION = YES;
				GCC_WARN_UNUSED_VARIABLE = YES;
				IPHONEOS_DEPLOYMENT_TARGET = 9.2;
				MTL_ENABLE_DEBUG_INFO = YES;
				ONLY_ACTIVE_ARCH = YES;
				SDKROOT = iphoneos;
				SWIFT_OPTIMIZATION_LEVEL = "-Onone";
			};
			name = Debug;
		};
		F78AE5BB1C466A74000F31FF /* Release */ = {
			isa = XCBuildConfiguration;
			buildSettings = {
				ALWAYS_SEARCH_USER_PATHS = NO;
				CLANG_CXX_LANGUAGE_STANDARD = "gnu++0x";
				CLANG_CXX_LIBRARY = "libc++";
				CLANG_ENABLE_MODULES = YES;
				CLANG_ENABLE_OBJC_ARC = YES;
				CLANG_WARN_BOOL_CONVERSION = YES;
				CLANG_WARN_CONSTANT_CONVERSION = YES;
				CLANG_WARN_DIRECT_OBJC_ISA_USAGE = YES_ERROR;
				CLANG_WARN_EMPTY_BODY = YES;
				CLANG_WARN_ENUM_CONVERSION = YES;
				CLANG_WARN_INT_CONVERSION = YES;
				CLANG_WARN_OBJC_ROOT_CLASS = YES_ERROR;
				CLANG_WARN_UNREACHABLE_CODE = YES;
				CLANG_WARN__DUPLICATE_METHOD_MATCH = YES;
				"CODE_SIGN_IDENTITY[sdk=iphoneos*]" = "iPhone Developer";
				COPY_PHASE_STRIP = NO;
				DEBUG_INFORMATION_FORMAT = "dwarf-with-dsym";
				ENABLE_NS_ASSERTIONS = NO;
				ENABLE_STRICT_OBJC_MSGSEND = YES;
				GCC_C_LANGUAGE_STANDARD = gnu99;
				GCC_NO_COMMON_BLOCKS = YES;
				GCC_WARN_64_TO_32_BIT_CONVERSION = YES;
				GCC_WARN_ABOUT_RETURN_TYPE = YES_ERROR;
				GCC_WARN_UNDECLARED_SELECTOR = YES;
				GCC_WARN_UNINITIALIZED_AUTOS = YES_AGGRESSIVE;
				GCC_WARN_UNUSED_FUNCTION = YES;
				GCC_WARN_UNUSED_VARIABLE = YES;
				IPHONEOS_DEPLOYMENT_TARGET = 9.2;
				MTL_ENABLE_DEBUG_INFO = NO;
				SDKROOT = iphoneos;
				VALIDATE_PRODUCT = YES;
			};
			name = Release;
		};
		F78AE5BD1C466A74000F31FF /* Debug */ = {
			isa = XCBuildConfiguration;
			buildSettings = {
				ASSETCATALOG_COMPILER_APPICON_NAME = AppIcon;
				INFOPLIST_FILE = TravelPlanner/Info.plist;
				LD_RUNPATH_SEARCH_PATHS = "$(inherited) @executable_path/Frameworks";
				PRODUCT_BUNDLE_IDENTIFIER = com.rodrigowebler.TravelPlanner;
				PRODUCT_NAME = "$(TARGET_NAME)";
			};
			name = Debug;
		};
		F78AE5BE1C466A74000F31FF /* Release */ = {
			isa = XCBuildConfiguration;
			buildSettings = {
				ASSETCATALOG_COMPILER_APPICON_NAME = AppIcon;
				INFOPLIST_FILE = TravelPlanner/Info.plist;
				LD_RUNPATH_SEARCH_PATHS = "$(inherited) @executable_path/Frameworks";
				PRODUCT_BUNDLE_IDENTIFIER = com.rodrigowebler.TravelPlanner;
				PRODUCT_NAME = "$(TARGET_NAME)";
			};
			name = Release;
		};
		F78AE5C01C466A74000F31FF /* Debug */ = {
			isa = XCBuildConfiguration;
			buildSettings = {
				BUNDLE_LOADER = "$(TEST_HOST)";
				INFOPLIST_FILE = TravelPlannerTests/Info.plist;
				LD_RUNPATH_SEARCH_PATHS = "$(inherited) @executable_path/Frameworks @loader_path/Frameworks";
				PRODUCT_BUNDLE_IDENTIFIER = com.rodrigowebler.TravelPlannerTests;
				PRODUCT_NAME = "$(TARGET_NAME)";
				TEST_HOST = "$(BUILT_PRODUCTS_DIR)/TravelPlanner.app/TravelPlanner";
			};
			name = Debug;
		};
		F78AE5C11C466A74000F31FF /* Release */ = {
			isa = XCBuildConfiguration;
			buildSettings = {
				BUNDLE_LOADER = "$(TEST_HOST)";
				INFOPLIST_FILE = TravelPlannerTests/Info.plist;
				LD_RUNPATH_SEARCH_PATHS = "$(inherited) @executable_path/Frameworks @loader_path/Frameworks";
				PRODUCT_BUNDLE_IDENTIFIER = com.rodrigowebler.TravelPlannerTests;
				PRODUCT_NAME = "$(TARGET_NAME)";
				TEST_HOST = "$(BUILT_PRODUCTS_DIR)/TravelPlanner.app/TravelPlanner";
			};
			name = Release;
		};
		F78AE5C31C466A74000F31FF /* Debug */ = {
			isa = XCBuildConfiguration;
			buildSettings = {
				INFOPLIST_FILE = TravelPlannerUITests/Info.plist;
				LD_RUNPATH_SEARCH_PATHS = "$(inherited) @executable_path/Frameworks @loader_path/Frameworks";
				PRODUCT_BUNDLE_IDENTIFIER = com.rodrigowebler.TravelPlannerUITests;
				PRODUCT_NAME = "$(TARGET_NAME)";
				TEST_TARGET_NAME = TravelPlanner;
				USES_XCTRUNNER = YES;
			};
			name = Debug;
		};
		F78AE5C41C466A74000F31FF /* Release */ = {
			isa = XCBuildConfiguration;
			buildSettings = {
				INFOPLIST_FILE = TravelPlannerUITests/Info.plist;
				LD_RUNPATH_SEARCH_PATHS = "$(inherited) @executable_path/Frameworks @loader_path/Frameworks";
				PRODUCT_BUNDLE_IDENTIFIER = com.rodrigowebler.TravelPlannerUITests;
				PRODUCT_NAME = "$(TARGET_NAME)";
				TEST_TARGET_NAME = TravelPlanner;
				USES_XCTRUNNER = YES;
			};
			name = Release;
		};
/* End XCBuildConfiguration section */

/* Begin XCConfigurationList section */
		F78AE58F1C466A74000F31FF /* Build configuration list for PBXProject "TravelPlanner" */ = {
			isa = XCConfigurationList;
			buildConfigurations = (
				F78AE5BA1C466A74000F31FF /* Debug */,
				F78AE5BB1C466A74000F31FF /* Release */,
			);
			defaultConfigurationIsVisible = 0;
			defaultConfigurationName = Release;
		};
		F78AE5BC1C466A74000F31FF /* Build configuration list for PBXNativeTarget "TravelPlanner" */ = {
			isa = XCConfigurationList;
			buildConfigurations = (
				F78AE5BD1C466A74000F31FF /* Debug */,
				F78AE5BE1C466A74000F31FF /* Release */,
			);
			defaultConfigurationIsVisible = 0;
		};
		F78AE5BF1C466A74000F31FF /* Build configuration list for PBXNativeTarget "TravelPlannerTests" */ = {
			isa = XCConfigurationList;
			buildConfigurations = (
				F78AE5C01C466A74000F31FF /* Debug */,
				F78AE5C11C466A74000F31FF /* Release */,
			);
			defaultConfigurationIsVisible = 0;
		};
		F78AE5C21C466A74000F31FF /* Build configuration list for PBXNativeTarget "TravelPlannerUITests" */ = {
			isa = XCConfigurationList;
			buildConfigurations = (
				F78AE5C31C466A74000F31FF /* Debug */,
				F78AE5C41C466A74000F31FF /* Release */,
			);
			defaultConfigurationIsVisible = 0;
		};
/* End XCConfigurationList section */
	};
	rootObject = F78AE58C1C466A74000F31FF /* Project object */;
}
